
Microsoft Visual Studio Solution File, Format Version 12.00
# Visual Studio 2013
VisualStudioVersion = 12.0.21005.1
MinimumVisualStudioVersion = 10.0.40219.1
Project("{FAE04EC0-301F-11D3-BF4B-00C04F79EFBC}") = "Security Simulink", "Qaser simuling\Security Simulink.csproj", "{71D9C573-95BF-44C6-96A0-FBDAA726A089}"
EndProject
Project("{6141683F-8A12-4E36-9623-2EB02B2C2303}") = "Security simulink program", "Security simulink program\Security simulink program.isproj", "{FB61F35C-E049-4021-880F-5ABAC77FB35C}"
EndProject
Global
	GlobalSection(SolutionConfigurationPlatforms) = preSolution
		CD_ROM|Any CPU = CD_ROM|Any CPU
		Debug|Any CPU = Debug|Any CPU
		DVD-5|Any CPU = DVD-5|Any CPU
		Release|Any CPU = Release|Any CPU
		SingleImage|Any CPU = SingleImage|Any CPU
	EndGlobalSection
	GlobalSection(ProjectConfigurationPlatforms) = postSolution
		{71D9C573-95BF-44C6-96A0-FBDAA726A089}.CD_ROM|Any CPU.ActiveCfg = Release|Any CPU
		{71D9C573-95BF-44C6-96A0-FBDAA726A089}.CD_ROM|Any CPU.Build.0 = Release|Any CPU
		{71D9C573-95BF-44C6-96A0-FBDAA726A089}.Debug|Any CPU.ActiveCfg = Debug|Any CPU
		{71D9C573-95BF-44C6-96A0-FBDAA726A089}.Debug|Any CPU.Build.0 = Debug|Any CPU
		{71D9C573-95BF-44C6-96A0-FBDAA726A089}.DVD-5|Any CPU.ActiveCfg = Debug|Any CPU
		{71D9C573-95BF-44C6-96A0-FBDAA726A089}.DVD-5|Any CPU.Build.0 = Debug|Any CPU
		{71D9C573-95BF-44C6-96A0-FBDAA726A089}.Release|Any CPU.ActiveCfg = Release|Any CPU
		{71D9C573-95BF-44C6-96A0-FBDAA726A089}.Release|Any CPU.Build.0 = Release|Any CPU
		{71D9C573-95BF-44C6-96A0-FBDAA726A089}.SingleImage|Any CPU.ActiveCfg = Release|Any CPU
		{71D9C573-95BF-44C6-96A0-FBDAA726A089}.SingleImage|Any CPU.Build.0 = Release|Any CPU
		{FB61F35C-E049-4021-880F-5ABAC77FB35C}.CD_ROM|Any CPU.ActiveCfg = CD_ROM
		{FB61F35C-E049-4021-880F-5ABAC77FB35C}.CD_ROM|Any CPU.Build.0 = CD_ROM
		{FB61F35C-E049-4021-880F-5ABAC77FB35C}.Debug|Any CPU.ActiveCfg = DVD-5
		{FB61F35C-E049-4021-880F-5ABAC77FB35C}.Debug|Any CPU.Build.0 = DVD-5
		{FB61F35C-E049-4021-880F-5ABAC77FB35C}.DVD-5|Any CPU.ActiveCfg = DVD-5
		{FB61F35C-E049-4021-880F-5ABAC77FB35C}.DVD-5|Any CPU.Build.0 = DVD-5
		{FB61F35C-E049-4021-880F-5ABAC77FB35C}.Release|Any CPU.ActiveCfg = SingleImage
		{FB61F35C-E049-4021-880F-5ABAC77FB35C}.Release|Any CPU.Build.0 = SingleImage
		{FB61F35C-E049-4021-880F-5ABAC77FB35C}.SingleImage|Any CPU.ActiveCfg = SingleImage
		{FB61F35C-E049-4021-880F-5ABAC77FB35C}.SingleImage|Any CPU.Build.0 = SingleImage
	EndGlobalSection
	GlobalSection(SolutionProperties) = preSolution
		HideSolutionNode = FALSE
	EndGlobalSection
EndGlobal
